
Microsoft Visual Studio Solution File, Format Version 12.00
# Visual Studio Version 16
VisualStudioVersion = 16.0.29911.84
MinimumVisualStudioVersion = 10.0.40219.1
Project("{FAE04EC0-301F-11D3-BF4B-00C04F79EFBC}") = "websocket_system", "websocket_system\websocket_system.csproj", "{239289F1-5D33-4C94-BC8A-A209548F15D3}"
EndProject
Global
	GlobalSection(SolutionConfigurationPlatforms) = preSolution
		Debug|Any CPU = Debug|Any CPU
		Release|Any CPU = Release|Any CPU
	EndGlobalSection
	GlobalSection(ProjectConfigurationPlatforms) = postSolution
		{239289F1-5D33-4C94-BC8A-A209548F15D3}.Debug|Any CPU.ActiveCfg = Debug|Any CPU
		{239289F1-5D33-4C94-BC8A-A209548F15D3}.Debug|Any CPU.Build.0 = Debug|Any CPU
		{239289F1-5D33-4C94-BC8A-A209548F15D3}.Release|Any CPU.ActiveCfg = Release|Any CPU
		{239289F1-5D33-4C94-BC8A-A209548F15D3}.Release|Any CPU.Build.0 = Release|Any CPU
	EndGlobalSection
	GlobalSection(SolutionProperties) = preSolution
		HideSolutionNode = FALSE
	EndGlobalSection
	GlobalSection(ExtensibilityGlobals) = postSolution
		SolutionGuid = {CB6D94F0-DDBB-417B-91F0-5E4468D3B780}
	EndGlobalSection
EndGlobal
